
Microsoft Visual Studio Solution File, Format Version 12.00
# Visual Studio 15
VisualStudioVersion = 15.0.28307.1082
MinimumVisualStudioVersion = 10.0.40219.1
Project("{FAE04EC0-301F-11D3-BF4B-00C04F79EFBC}") = "Cars_app.Android", "Cars_app\Cars_app.Android\Cars_app.Android.csproj", "{0CC585F8-13DC-4E13-BA83-3DE38A0E7293}"
EndProject
Project("{FAE04EC0-301F-11D3-BF4B-00C04F79EFBC}") = "Cars_app.iOS", "Cars_app\Cars_app.iOS\Cars_app.iOS.csproj", "{BB8E6FFA-6B5D-40D3-9F68-4DD63030CC94}"
EndProject
Project("{FAE04EC0-301F-11D3-BF4B-00C04F79EFBC}") = "Cars_app.UWP", "Cars_app\Cars_app.UWP\Cars_app.UWP.csproj", "{ADEB4FBE-156A-4A21-B7B1-9F4E6560E294}"
EndProject
Project("{FAE04EC0-301F-11D3-BF4B-00C04F79EFBC}") = "Cars_app", "Cars_app\Cars_app\Cars_app.csproj", "{F6B0656E-A988-4B0F-9BD8-0FF2C7942ADA}"
EndProject
Global
	GlobalSection(SolutionConfigurationPlatforms) = preSolution
		Ad-Hoc|Any CPU = Ad-Hoc|Any CPU
		Ad-Hoc|ARM = Ad-Hoc|ARM
		Ad-Hoc|iPhone = Ad-Hoc|iPhone
		Ad-Hoc|iPhoneSimulator = Ad-Hoc|iPhoneSimulator
		Ad-Hoc|x64 = Ad-Hoc|x64
		Ad-Hoc|x86 = Ad-Hoc|x86
		AppStore|Any CPU = AppStore|Any CPU
		AppStore|ARM = AppStore|ARM
		AppStore|iPhone = AppStore|iPhone
		AppStore|iPhoneSimulator = AppStore|iPhoneSimulator
		AppStore|x64 = AppStore|x64
		AppStore|x86 = AppStore|x86
		Debug|Any CPU = Debug|Any CPU
		Debug|ARM = Debug|ARM
		Debug|iPhone = Debug|iPhone
		Debug|iPhoneSimulator = Debug|iPhoneSimulator
		Debug|x64 = Debug|x64
		Debug|x86 = Debug|x86
		Release|Any CPU = Release|Any CPU
		Release|ARM = Release|ARM
		Release|iPhone = Release|iPhone
		Release|iPhoneSimulator = Release|iPhoneSimulator
		Release|x64 = Release|x64
		Release|x86 = Release|x86
	EndGlobalSection
	GlobalSection(ProjectConfigurationPlatforms) = postSolution
		{0CC585F8-13DC-4E13-BA83-3DE38A0E7293}.Ad-Hoc|Any CPU.ActiveCfg = Release|Any CPU
		{0CC585F8-13DC-4E13-BA83-3DE38A0E7293}.Ad-Hoc|Any CPU.Build.0 = Release|Any CPU
		{0CC585F8-13DC-4E13-BA83-3DE38A0E7293}.Ad-Hoc|Any CPU.Deploy.0 = Release|Any CPU
		{0CC585F8-13DC-4E13-BA83-3DE38A0E7293}.Ad-Hoc|ARM.ActiveCfg = Release|Any CPU
		{0CC585F8-13DC-4E13-BA83-3DE38A0E7293}.Ad-Hoc|ARM.Build.0 = Release|Any CPU
		{0CC585F8-13DC-4E13-BA83-3DE38A0E7293}.Ad-Hoc|ARM.Deploy.0 = Release|Any CPU
		{0CC585F8-13DC-4E13-BA83-3DE38A0E7293}.Ad-Hoc|iPhone.ActiveCfg = Release|Any CPU
		{0CC585F8-13DC-4E13-BA83-3DE38A0E7293}.Ad-Hoc|iPhone.Build.0 = Release|Any CPU
		{0CC585F8-13DC-4E13-BA83-3DE38A0E7293}.Ad-Hoc|iPhone.Deploy.0 = Release|Any CPU
		{0CC585F8-13DC-4E13-BA83-3DE38A0E7293}.Ad-Hoc|iPhoneSimulator.ActiveCfg = Release|Any CPU
		{0CC585F8-13DC-4E13-BA83-3DE38A0E7293}.Ad-Hoc|iPhoneSimulator.Build.0 = Release|Any CPU
		{0CC585F8-13DC-4E13-BA83-3DE38A0E7293}.Ad-Hoc|iPhoneSimulator.Deploy.0 = Release|Any CPU
		{0CC585F8-13DC-4E13-BA83-3DE38A0E7293}.Ad-Hoc|x64.ActiveCfg = Release|Any CPU
		{0CC585F8-13DC-4E13-BA83-3DE38A0E7293}.Ad-Hoc|x64.Build.0 = Release|Any CPU
		{0CC585F8-13DC-4E13-BA83-3DE38A0E7293}.Ad-Hoc|x64.Deploy.0 = Release|Any CPU
		{0CC585F8-13DC-4E13-BA83-3DE38A0E7293}.Ad-Hoc|x86.ActiveCfg = Release|Any CPU
		{0CC585F8-13DC-4E13-BA83-3DE38A0E7293}.Ad-Hoc|x86.Build.0 = Release|Any CPU
		{0CC585F8-13DC-4E13-BA83-3DE38A0E7293}.Ad-Hoc|x86.Deploy.0 = Release|Any CPU
		{0CC585F8-13DC-4E13-BA83-3DE38A0E7293}.AppStore|Any CPU.ActiveCfg = Release|Any CPU
		{0CC585F8-13DC-4E13-BA83-3DE38A0E7293}.AppStore|Any CPU.Build.0 = Release|Any CPU
		{0CC585F8-13DC-4E13-BA83-3DE38A0E7293}.AppStore|Any CPU.Deploy.0 = Release|Any CPU
		{0CC585F8-13DC-4E13-BA83-3DE38A0E7293}.AppStore|ARM.ActiveCfg = Release|Any CPU
		{0CC585F8-13DC-4E13-BA83-3DE38A0E7293}.AppStore|ARM.Build.0 = Release|Any CPU
		{0CC585F8-13DC-4E13-BA83-3DE38A0E7293}.AppStore|ARM.Deploy.0 = Release|Any CPU
		{0CC585F8-13DC-4E13-BA83-3DE38A0E7293}.AppStore|iPhone.ActiveCfg = Release|Any CPU
		{0CC585F8-13DC-4E13-BA83-3DE38A0E7293}.AppStore|iPhone.Build.0 = Release|Any CPU
		{0CC585F8-13DC-4E13-BA83-3DE38A0E7293}.AppStore|iPhone.Deploy.0 = Release|Any CPU
		{0CC585F8-13DC-4E13-BA83-3DE38A0E7293}.AppStore|iPhoneSimulator.ActiveCfg = Release|Any CPU
		{0CC585F8-13DC-4E13-BA83-3DE38A0E7293}.AppStore|iPhoneSimulator.Build.0 = Release|Any CPU
		{0CC585F8-13DC-4E13-BA83-3DE38A0E7293}.AppStore|iPhoneSimulator.Deploy.0 = Release|Any CPU
		{0CC585F8-13DC-4E13-BA83-3DE38A0E7293}.AppStore|x64.ActiveCfg = Release|Any CPU
		{0CC585F8-13DC-4E13-BA83-3DE38A0E7293}.AppStore|x64.Build.0 = Release|Any CPU
		{0CC585F8-13DC-4E13-BA83-3DE38A0E7293}.AppStore|x64.Deploy.0 = Release|Any CPU
		{0CC585F8-13DC-4E13-BA83-3DE38A0E7293}.AppStore|x86.ActiveCfg = Release|Any CPU
		{0CC585F8-13DC-4E13-BA83-3DE38A0E7293}.AppStore|x86.Build.0 = Release|Any CPU
		{0CC585F8-13DC-4E13-BA83-3DE38A0E7293}.AppStore|x86.Deploy.0 = Release|Any CPU
		{0CC585F8-13DC-4E13-BA83-3DE38A0E7293}.Debug|Any CPU.ActiveCfg = Debug|Any CPU
		{0CC585F8-13DC-4E13-BA83-3DE38A0E7293}.Debug|Any CPU.Build.0 = Debug|Any CPU
		{0CC585F8-13DC-4E13-BA83-3DE38A0E7293}.Debug|Any CPU.Deploy.0 = Debug|Any CPU
		{0CC585F8-13DC-4E13-BA83-3DE38A0E7293}.Debug|ARM.ActiveCfg = Debug|Any CPU
		{0CC585F8-13DC-4E13-BA83-3DE38A0E7293}.Debug|ARM.Build.0 = Debug|Any CPU
		{0CC585F8-13DC-4E13-BA83-3DE38A0E7293}.Debug|ARM.Deploy.0 = Debug|Any CPU
		{0CC585F8-13DC-4E13-BA83-3DE38A0E7293}.Debug|iPhone.ActiveCfg = Debug|Any CPU
		{0CC585F8-13DC-4E13-BA83-3DE38A0E7293}.Debug|iPhone.Build.0 = Debug|Any CPU
		{0CC585F8-13DC-4E13-BA83-3DE38A0E7293}.Debug|iPhone.Deploy.0 = Debug|Any CPU
		{0CC585F8-13DC-4E13-BA83-3DE38A0E7293}.Debug|iPhoneSimulator.ActiveCfg = Debug|Any CPU
		{0CC585F8-13DC-4E13-BA83-3DE38A0E7293}.Debug|iPhoneSimulator.Build.0 = Debug|Any CPU
		{0CC585F8-13DC-4E13-BA83-3DE38A0E7293}.Debug|iPhoneSimulator.Deploy.0 = Debug|Any CPU
		{0CC585F8-13DC-4E13-BA83-3DE38A0E7293}.Debug|x64.ActiveCfg = Debug|Any CPU
		{0CC585F8-13DC-4E13-BA83-3DE38A0E7293}.Debug|x64.Build.0 = Debug|Any CPU
		{0CC585F8-13DC-4E13-BA83-3DE38A0E7293}.Debug|x64.Deploy.0 = Debug|Any CPU
		{0CC585F8-13DC-4E13-BA83-3DE38A0E7293}.Debug|x86.ActiveCfg = Debug|Any CPU
		{0CC585F8-13DC-4E13-BA83-3DE38A0E7293}.Debug|x86.Build.0 = Debug|Any CPU
		{0CC585F8-13DC-4E13-BA83-3DE38A0E7293}.Debug|x86.Deploy.0 = Debug|Any CPU
		{0CC585F8-13DC-4E13-BA83-3DE38A0E7293}.Release|Any CPU.ActiveCfg = Release|Any CPU
		{0CC585F8-13DC-4E13-BA83-3DE38A0E7293}.Release|Any CPU.Build.0 = Release|Any CPU
		{0CC585F8-13DC-4E13-BA83-3DE38A0E7293}.Release|Any CPU.Deploy.0 = Release|Any CPU
		{0CC585F8-13DC-4E13-BA83-3DE38A0E7293}.Release|ARM.ActiveCfg = Release|Any CPU
		{0CC585F8-13DC-4E13-BA83-3DE38A0E7293}.Release|ARM.Build.0 = Release|Any CPU
		{0CC585F8-13DC-4E13-BA83-3DE38A0E7293}.Release|ARM.Deploy.0 = Release|Any CPU
		{0CC585F8-13DC-4E13-BA83-3DE38A0E7293}.Release|iPhone.ActiveCfg = Release|Any CPU
		{0CC585F8-13DC-4E13-BA83-3DE38A0E7293}.Release|iPhone.Build.0 = Release|Any CPU
		{0CC585F8-13DC-4E13-BA83-3DE38A0E7293}.Release|iPhone.Deploy.0 = Release|Any CPU
		{0CC585F8-13DC-4E13-BA83-3DE38A0E7293}.Release|iPhoneSimulator.ActiveCfg = Release|Any CPU
		{0CC585F8-13DC-4E13-BA83-3DE38A0E7293}.Release|iPhoneSimulator.Build.0 = Release|Any CPU
		{0CC585F8-13DC-4E13-BA83-3DE38A0E7293}.Release|iPhoneSimulator.Deploy.0 = Release|Any CPU
		{0CC585F8-13DC-4E13-BA83-3DE38A0E7293}.Release|x64.ActiveCfg = Release|Any CPU
		{0CC585F8-13DC-4E13-BA83-3DE38A0E7293}.Release|x64.Build.0 = Release|Any CPU
		{0CC585F8-13DC-4E13-BA83-3DE38A0E7293}.Release|x64.Deploy.0 = Release|Any CPU
		{0CC585F8-13DC-4E13-BA83-3DE38A0E7293}.Release|x86.ActiveCfg = Release|Any CPU
		{0CC585F8-13DC-4E13-BA83-3DE38A0E7293}.Release|x86.Build.0 = Release|Any CPU
		{0CC585F8-13DC-4E13-BA83-3DE38A0E7293}.Release|x86.Deploy.0 = Release|Any CPU
		{BB8E6FFA-6B5D-40D3-9F68-4DD63030CC94}.Ad-Hoc|Any CPU.ActiveCfg = Ad-Hoc|iPhone
		{BB8E6FFA-6B5D-40D3-9F68-4DD63030CC94}.Ad-Hoc|Any CPU.Build.0 = Ad-Hoc|iPhone
		{BB8E6FFA-6B5D-40D3-9F68-4DD63030CC94}.Ad-Hoc|Any CPU.Deploy.0 = Ad-Hoc|iPhone
		{BB8E6FFA-6B5D-40D3-9F68-4DD63030CC94}.Ad-Hoc|ARM.ActiveCfg = Ad-Hoc|iPhone
		{BB8E6FFA-6B5D-40D3-9F68-4DD63030CC94}.Ad-Hoc|ARM.Build.0 = Ad-Hoc|iPhone
		{BB8E6FFA-6B5D-40D3-9F68-4DD63030CC94}.Ad-Hoc|ARM.Deploy.0 = Ad-Hoc|iPhone
		{BB8E6FFA-6B5D-40D3-9F68-4DD63030CC94}.Ad-Hoc|iPhone.ActiveCfg = Ad-Hoc|iPhone
		{BB8E6FFA-6B5D-40D3-9F68-4DD63030CC94}.Ad-Hoc|iPhone.Build.0 = Ad-Hoc|iPhone
		{BB8E6FFA-6B5D-40D3-9F68-4DD63030CC94}.Ad-Hoc|iPhone.Deploy.0 = Ad-Hoc|iPhone
		{BB8E6FFA-6B5D-40D3-9F68-4DD63030CC94}.Ad-Hoc|iPhoneSimulator.ActiveCfg = Ad-Hoc|iPhoneSimulator
		{BB8E6FFA-6B5D-40D3-9F68-4DD63030CC94}.Ad-Hoc|iPhoneSimulator.Build.0 = Ad-Hoc|iPhoneSimulator
		{BB8E6FFA-6B5D-40D3-9F68-4DD63030CC94}.Ad-Hoc|iPhoneSimulator.Deploy.0 = Ad-Hoc|iPhoneSimulator
		{BB8E6FFA-6B5D-40D3-9F68-4DD63030CC94}.Ad-Hoc|x64.ActiveCfg = Ad-Hoc|iPhone
		{BB8E6FFA-6B5D-40D3-9F68-4DD63030CC94}.Ad-Hoc|x64.Build.0 = Ad-Hoc|iPhone
		{BB8E6FFA-6B5D-40D3-9F68-4DD63030CC94}.Ad-Hoc|x64.Deploy.0 = Ad-Hoc|iPhone
		{BB8E6FFA-6B5D-40D3-9F68-4DD63030CC94}.Ad-Hoc|x86.ActiveCfg = Ad-Hoc|iPhone
		{BB8E6FFA-6B5D-40D3-9F68-4DD63030CC94}.Ad-Hoc|x86.Build.0 = Ad-Hoc|iPhone
		{BB8E6FFA-6B5D-40D3-9F68-4DD63030CC94}.Ad-Hoc|x86.Deploy.0 = Ad-Hoc|iPhone
		{BB8E6FFA-6B5D-40D3-9F68-4DD63030CC94}.AppStore|Any CPU.ActiveCfg = AppStore|iPhone
		{BB8E6FFA-6B5D-40D3-9F68-4DD63030CC94}.AppStore|Any CPU.Build.0 = AppStore|iPhone
		{BB8E6FFA-6B5D-40D3-9F68-4DD63030CC94}.AppStore|Any CPU.Deploy.0 = AppStore|iPhone
		{BB8E6FFA-6B5D-40D3-9F68-4DD63030CC94}.AppStore|ARM.ActiveCfg = AppStore|iPhone
		{BB8E6FFA-6B5D-40D3-9F68-4DD63030CC94}.AppStore|ARM.Build.0 = AppStore|iPhone
		{BB8E6FFA-6B5D-40D3-9F68-4DD63030CC94}.AppStore|ARM.Deploy.0 = AppStore|iPhone
		{BB8E6FFA-6B5D-40D3-9F68-4DD63030CC94}.AppStore|iPhone.ActiveCfg = AppStore|iPhone
		{BB8E6FFA-6B5D-40D3-9F68-4DD63030CC94}.AppStore|iPhone.Build.0 = AppStore|iPhone
		{BB8E6FFA-6B5D-40D3-9F68-4DD63030CC94}.AppStore|iPhone.Deploy.0 = AppStore|iPhone
		{BB8E6FFA-6B5D-40D3-9F68-4DD63030CC94}.AppStore|iPhoneSimulator.ActiveCfg = AppStore|iPhoneSimulator
		{BB8E6FFA-6B5D-40D3-9F68-4DD63030CC94}.AppStore|iPhoneSimulator.Build.0 = AppStore|iPhoneSimulator
		{BB8E6FFA-6B5D-40D3-9F68-4DD63030CC94}.AppStore|iPhoneSimulator.Deploy.0 = AppStore|iPhoneSimulator
		{BB8E6FFA-6B5D-40D3-9F68-4DD63030CC94}.AppStore|x64.ActiveCfg = AppStore|iPhone
		{BB8E6FFA-6B5D-40D3-9F68-4DD63030CC94}.AppStore|x64.Build.0 = AppStore|iPhone
		{BB8E6FFA-6B5D-40D3-9F68-4DD63030CC94}.AppStore|x64.Deploy.0 = AppStore|iPhone
		{BB8E6FFA-6B5D-40D3-9F68-4DD63030CC94}.AppStore|x86.ActiveCfg = AppStore|iPhone
		{BB8E6FFA-6B5D-40D3-9F68-4DD63030CC94}.AppStore|x86.Build.0 = AppStore|iPhone
		{BB8E6FFA-6B5D-40D3-9F68-4DD63030CC94}.AppStore|x86.Deploy.0 = AppStore|iPhone
		{BB8E6FFA-6B5D-40D3-9F68-4DD63030CC94}.Debug|Any CPU.ActiveCfg = Debug|iPhoneSimulator
		{BB8E6FFA-6B5D-40D3-9F68-4DD63030CC94}.Debug|Any CPU.Build.0 = Debug|iPhoneSimulator
		{BB8E6FFA-6B5D-40D3-9F68-4DD63030CC94}.Debug|Any CPU.Deploy.0 = Debug|iPhoneSimulator
		{BB8E6FFA-6B5D-40D3-9F68-4DD63030CC94}.Debug|ARM.ActiveCfg = Debug|iPhone
		{BB8E6FFA-6B5D-40D3-9F68-4DD63030CC94}.Debug|ARM.Build.0 = Debug|iPhone
		{BB8E6FFA-6B5D-40D3-9F68-4DD63030CC94}.Debug|ARM.Deploy.0 = Debug|iPhone
		{BB8E6FFA-6B5D-40D3-9F68-4DD63030CC94}.Debug|iPhone.ActiveCfg = Debug|iPhone
		{BB8E6FFA-6B5D-40D3-9F68-4DD63030CC94}.Debug|iPhone.Build.0 = Debug|iPhone
		{BB8E6FFA-6B5D-40D3-9F68-4DD63030CC94}.Debug|iPhone.Deploy.0 = Debug|iPhone
		{BB8E6FFA-6B5D-40D3-9F68-4DD63030CC94}.Debug|iPhoneSimulator.ActiveCfg = Debug|iPhoneSimulator
		{BB8E6FFA-6B5D-40D3-9F68-4DD63030CC94}.Debug|iPhoneSimulator.Build.0 = Debug|iPhoneSimulator
		{BB8E6FFA-6B5D-40D3-9F68-4DD63030CC94}.Debug|iPhoneSimulator.Deploy.0 = Debug|iPhoneSimulator
		{BB8E6FFA-6B5D-40D3-9F68-4DD63030CC94}.Debug|x64.ActiveCfg = Debug|iPhone
		{BB8E6FFA-6B5D-40D3-9F68-4DD63030CC94}.Debug|x64.Build.0 = Debug|iPhone
		{BB8E6FFA-6B5D-40D3-9F68-4DD63030CC94}.Debug|x64.Deploy.0 = Debug|iPhone
		{BB8E6FFA-6B5D-40D3-9F68-4DD63030CC94}.Debug|x86.ActiveCfg = Debug|iPhone
		{BB8E6FFA-6B5D-40D3-9F68-4DD63030CC94}.Debug|x86.Build.0 = Debug|iPhone
		{BB8E6FFA-6B5D-40D3-9F68-4DD63030CC94}.Debug|x86.Deploy.0 = Debug|iPhone
		{BB8E6FFA-6B5D-40D3-9F68-4DD63030CC94}.Release|Any CPU.ActiveCfg = Release|iPhone
		{BB8E6FFA-6B5D-40D3-9F68-4DD63030CC94}.Release|Any CPU.Build.0 = Release|iPhone
		{BB8E6FFA-6B5D-40D3-9F68-4DD63030CC94}.Release|Any CPU.Deploy.0 = Release|iPhone
		{BB8E6FFA-6B5D-40D3-9F68-4DD63030CC94}.Release|ARM.ActiveCfg = Release|iPhone
		{BB8E6FFA-6B5D-40D3-9F68-4DD63030CC94}.Release|ARM.Build.0 = Release|iPhone
		{BB8E6FFA-6B5D-40D3-9F68-4DD63030CC94}.Release|ARM.Deploy.0 = Release|iPhone
		{BB8E6FFA-6B5D-40D3-9F68-4DD63030CC94}.Release|iPhone.ActiveCfg = Release|iPhone
		{BB8E6FFA-6B5D-40D3-9F68-4DD63030CC94}.Release|iPhone.Build.0 = Release|iPhone
		{BB8E6FFA-6B5D-40D3-9F68-4DD63030CC94}.Release|iPhone.Deploy.0 = Release|iPhone
		{BB8E6FFA-6B5D-40D3-9F68-4DD63030CC94}.Release|iPhoneSimulator.ActiveCfg = Release|iPhoneSimulator
		{BB8E6FFA-6B5D-40D3-9F68-4DD63030CC94}.Release|iPhoneSimulator.Build.0 = Release|iPhoneSimulator
		{BB8E6FFA-6B5D-40D3-9F68-4DD63030CC94}.Release|iPhoneSimulator.Deploy.0 = Release|iPhoneSimulator
		{BB8E6FFA-6B5D-40D3-9F68-4DD63030CC94}.Release|x64.ActiveCfg = Release|iPhone
		{BB8E6FFA-6B5D-40D3-9F68-4DD63030CC94}.Release|x64.Build.0 = Release|iPhone
		{BB8E6FFA-6B5D-40D3-9F68-4DD63030CC94}.Release|x64.Deploy.0 = Release|iPhone
		{BB8E6FFA-6B5D-40D3-9F68-4DD63030CC94}.Release|x86.ActiveCfg = Release|iPhone
		{BB8E6FFA-6B5D-40D3-9F68-4DD63030CC94}.Release|x86.Build.0 = Release|iPhone
		{BB8E6FFA-6B5D-40D3-9F68-4DD63030CC94}.Release|x86.Deploy.0 = Release|iPhone
		{ADEB4FBE-156A-4A21-B7B1-9F4E6560E294}.Ad-Hoc|Any CPU.ActiveCfg = Release|x86
		{ADEB4FBE-156A-4A21-B7B1-9F4E6560E294}.Ad-Hoc|Any CPU.Build.0 = Release|x86
		{ADEB4FBE-156A-4A21-B7B1-9F4E6560E294}.Ad-Hoc|Any CPU.Deploy.0 = Release|x86
		{ADEB4FBE-156A-4A21-B7B1-9F4E6560E294}.Ad-Hoc|ARM.ActiveCfg = Release|ARM
		{ADEB4FBE-156A-4A21-B7B1-9F4E6560E294}.Ad-Hoc|ARM.Build.0 = Release|ARM
		{ADEB4FBE-156A-4A21-B7B1-9F4E6560E294}.Ad-Hoc|ARM.Deploy.0 = Release|ARM
		{ADEB4FBE-156A-4A21-B7B1-9F4E6560E294}.Ad-Hoc|iPhone.ActiveCfg = Release|x86
		{ADEB4FBE-156A-4A21-B7B1-9F4E6560E294}.Ad-Hoc|iPhone.Build.0 = Release|x86
		{ADEB4FBE-156A-4A21-B7B1-9F4E6560E294}.Ad-Hoc|iPhone.Deploy.0 = Release|x86
		{ADEB4FBE-156A-4A21-B7B1-9F4E6560E294}.Ad-Hoc|iPhoneSimulator.ActiveCfg = Release|x86
		{ADEB4FBE-156A-4A21-B7B1-9F4E6560E294}.Ad-Hoc|iPhoneSimulator.Build.0 = Release|x86
		{ADEB4FBE-156A-4A21-B7B1-9F4E6560E294}.Ad-Hoc|iPhoneSimulator.Deploy.0 = Release|x86
		{ADEB4FBE-156A-4A21-B7B1-9F4E6560E294}.Ad-Hoc|x64.ActiveCfg = Release|x64
		{ADEB4FBE-156A-4A21-B7B1-9F4E6560E294}.Ad-Hoc|x64.Build.0 = Release|x64
		{ADEB4FBE-156A-4A21-B7B1-9F4E6560E294}.Ad-Hoc|x64.Deploy.0 = Release|x64
		{ADEB4FBE-156A-4A21-B7B1-9F4E6560E294}.Ad-Hoc|x86.ActiveCfg = Release|x86
		{ADEB4FBE-156A-4A21-B7B1-9F4E6560E294}.Ad-Hoc|x86.Build.0 = Release|x86
		{ADEB4FBE-156A-4A21-B7B1-9F4E6560E294}.Ad-Hoc|x86.Deploy.0 = Release|x86
		{ADEB4FBE-156A-4A21-B7B1-9F4E6560E294}.AppStore|Any CPU.ActiveCfg = Release|x86
		{ADEB4FBE-156A-4A21-B7B1-9F4E6560E294}.AppStore|Any CPU.Build.0 = Release|x86
		{ADEB4FBE-156A-4A21-B7B1-9F4E6560E294}.AppStore|Any CPU.Deploy.0 = Release|x86
		{ADEB4FBE-156A-4A21-B7B1-9F4E6560E294}.AppStore|ARM.ActiveCfg = Release|ARM
		{ADEB4FBE-156A-4A21-B7B1-9F4E6560E294}.AppStore|ARM.Build.0 = Release|ARM
		{ADEB4FBE-156A-4A21-B7B1-9F4E6560E294}.AppStore|ARM.Deploy.0 = Release|ARM
		{ADEB4FBE-156A-4A21-B7B1-9F4E6560E294}.AppStore|iPhone.ActiveCfg = Release|x86
		{ADEB4FBE-156A-4A21-B7B1-9F4E6560E294}.AppStore|iPhone.Build.0 = Release|x86
		{ADEB4FBE-156A-4A21-B7B1-9F4E6560E294}.AppStore|iPhone.Deploy.0 = Release|x86
		{ADEB4FBE-156A-4A21-B7B1-9F4E6560E294}.AppStore|iPhoneSimulator.ActiveCfg = Release|x86
		{ADEB4FBE-156A-4A21-B7B1-9F4E6560E294}.AppStore|iPhoneSimulator.Build.0 = Release|x86
		{ADEB4FBE-156A-4A21-B7B1-9F4E6560E294}.AppStore|iPhoneSimulator.Deploy.0 = Release|x86
		{ADEB4FBE-156A-4A21-B7B1-9F4E6560E294}.AppStore|x64.ActiveCfg = Release|x64
		{ADEB4FBE-156A-4A21-B7B1-9F4E6560E294}.AppStore|x64.Build.0 = Release|x64
		{ADEB4FBE-156A-4A21-B7B1-9F4E6560E294}.AppStore|x64.Deploy.0 = Release|x64
		{ADEB4FBE-156A-4A21-B7B1-9F4E6560E294}.AppStore|x86.ActiveCfg = Release|x86
		{ADEB4FBE-156A-4A21-B7B1-9F4E6560E294}.AppStore|x86.Build.0 = Release|x86
		{ADEB4FBE-156A-4A21-B7B1-9F4E6560E294}.AppStore|x86.Deploy.0 = Release|x86
		{ADEB4FBE-156A-4A21-B7B1-9F4E6560E294}.Debug|Any CPU.ActiveCfg = Debug|x86
		{ADEB4FBE-156A-4A21-B7B1-9F4E6560E294}.Debug|Any CPU.Build.0 = Debug|x86
		{ADEB4FBE-156A-4A21-B7B1-9F4E6560E294}.Debug|Any CPU.Deploy.0 = Debug|x86
		{ADEB4FBE-156A-4A21-B7B1-9F4E6560E294}.Debug|ARM.ActiveCfg = Debug|ARM
		{ADEB4FBE-156A-4A21-B7B1-9F4E6560E294}.Debug|ARM.Build.0 = Debug|ARM
		{ADEB4FBE-156A-4A21-B7B1-9F4E6560E294}.Debug|ARM.Deploy.0 = Debug|ARM
		{ADEB4FBE-156A-4A21-B7B1-9F4E6560E294}.Debug|iPhone.ActiveCfg = Debug|x86
		{ADEB4FBE-156A-4A21-B7B1-9F4E6560E294}.Debug|iPhone.Build.0 = Debug|x86
		{ADEB4FBE-156A-4A21-B7B1-9F4E6560E294}.Debug|iPhone.Deploy.0 = Debug|x86
		{ADEB4FBE-156A-4A21-B7B1-9F4E6560E294}.Debug|iPhoneSimulator.ActiveCfg = Debug|x86
		{ADEB4FBE-156A-4A21-B7B1-9F4E6560E294}.Debug|iPhoneSimulator.Build.0 = Debug|x86
		{ADEB4FBE-156A-4A21-B7B1-9F4E6560E294}.Debug|iPhoneSimulator.Deploy.0 = Debug|x86
		{ADEB4FBE-156A-4A21-B7B1-9F4E6560E294}.Debug|x64.ActiveCfg = Debug|x64
		{ADEB4FBE-156A-4A21-B7B1-9F4E6560E294}.Debug|x64.Build.0 = Debug|x64
		{ADEB4FBE-156A-4A21-B7B1-9F4E6560E294}.Debug|x64.Deploy.0 = Debug|x64
		{ADEB4FBE-156A-4A21-B7B1-9F4E6560E294}.Debug|x86.ActiveCfg = Debug|x86
		{ADEB4FBE-156A-4A21-B7B1-9F4E6560E294}.Debug|x86.Build.0 = Debug|x86
		{ADEB4FBE-156A-4A21-B7B1-9F4E6560E294}.Debug|x86.Deploy.0 = Debug|x86
		{ADEB4FBE-156A-4A21-B7B1-9F4E6560E294}.Release|Any CPU.ActiveCfg = Release|x86
		{ADEB4FBE-156A-4A21-B7B1-9F4E6560E294}.Release|Any CPU.Build.0 = Release|x86
		{ADEB4FBE-156A-4A21-B7B1-9F4E6560E294}.Release|Any CPU.Deploy.0 = Release|x86
		{ADEB4FBE-156A-4A21-B7B1-9F4E6560E294}.Release|ARM.ActiveCfg = Release|ARM
		{ADEB4FBE-156A-4A21-B7B1-9F4E6560E294}.Release|ARM.Build.0 = Release|ARM
		{ADEB4FBE-156A-4A21-B7B1-9F4E6560E294}.Release|ARM.Deploy.0 = Release|ARM
		{ADEB4FBE-156A-4A21-B7B1-9F4E6560E294}.Release|iPhone.ActiveCfg = Release|x86
		{ADEB4FBE-156A-4A21-B7B1-9F4E6560E294}.Release|iPhone.Build.0 = Release|x86
		{ADEB4FBE-156A-4A21-B7B1-9F4E6560E294}.Release|iPhone.Deploy.0 = Release|x86
		{ADEB4FBE-156A-4A21-B7B1-9F4E6560E294}.Release|iPhoneSimulator.ActiveCfg = Release|x86
		{ADEB4FBE-156A-4A21-B7B1-9F4E6560E294}.Release|iPhoneSimulator.Build.0 = Release|x86
		{ADEB4FBE-156A-4A21-B7B1-9F4E6560E294}.Release|iPhoneSimulator.Deploy.0 = Release|x86
		{ADEB4FBE-156A-4A21-B7B1-9F4E6560E294}.Release|x64.ActiveCfg = Release|x64
		{ADEB4FBE-156A-4A21-B7B1-9F4E6560E294}.Release|x64.Build.0 = Release|x64
		{ADEB4FBE-156A-4A21-B7B1-9F4E6560E294}.Release|x64.Deploy.0 = Release|x64
		{ADEB4FBE-156A-4A21-B7B1-9F4E6560E294}.Release|x86.ActiveCfg = Release|x86
		{ADEB4FBE-156A-4A21-B7B1-9F4E6560E294}.Release|x86.Build.0 = Release|x86
		{ADEB4FBE-156A-4A21-B7B1-9F4E6560E294}.Release|x86.Deploy.0 = Release|x86
		{F6B0656E-A988-4B0F-9BD8-0FF2C7942ADA}.Ad-Hoc|Any CPU.ActiveCfg = Debug|Any CPU
		{F6B0656E-A988-4B0F-9BD8-0FF2C7942ADA}.Ad-Hoc|Any CPU.Build.0 = Debug|Any CPU
		{F6B0656E-A988-4B0F-9BD8-0FF2C7942ADA}.Ad-Hoc|Any CPU.Deploy.0 = Debug|Any CPU
		{F6B0656E-A988-4B0F-9BD8-0FF2C7942ADA}.Ad-Hoc|ARM.ActiveCfg = Debug|Any CPU
		{F6B0656E-A988-4B0F-9BD8-0FF2C7942ADA}.Ad-Hoc|ARM.Build.0 = Debug|Any CPU
		{F6B0656E-A988-4B0F-9BD8-0FF2C7942ADA}.Ad-Hoc|ARM.Deploy.0 = Debug|Any CPU
		{F6B0656E-A988-4B0F-9BD8-0FF2C7942ADA}.Ad-Hoc|iPhone.ActiveCfg = Debug|Any CPU
		{F6B0656E-A988-4B0F-9BD8-0FF2C7942ADA}.Ad-Hoc|iPhone.Build.0 = Debug|Any CPU
		{F6B0656E-A988-4B0F-9BD8-0FF2C7942ADA}.Ad-Hoc|iPhone.Deploy.0 = Debug|Any CPU
		{F6B0656E-A988-4B0F-9BD8-0FF2C7942ADA}.Ad-Hoc|iPhoneSimulator.ActiveCfg = Debug|Any CPU
		{F6B0656E-A988-4B0F-9BD8-0FF2C7942ADA}.Ad-Hoc|iPhoneSimulator.Build.0 = Debug|Any CPU
		{F6B0656E-A988-4B0F-9BD8-0FF2C7942ADA}.Ad-Hoc|iPhoneSimulator.Deploy.0 = Debug|Any CPU
		{F6B0656E-A988-4B0F-9BD8-0FF2C7942ADA}.Ad-Hoc|x64.ActiveCfg = Debug|Any CPU
		{F6B0656E-A988-4B0F-9BD8-0FF2C7942ADA}.Ad-Hoc|x64.Build.0 = Debug|Any CPU
		{F6B0656E-A988-4B0F-9BD8-0FF2C7942ADA}.Ad-Hoc|x64.Deploy.0 = Debug|Any CPU
		{F6B0656E-A988-4B0F-9BD8-0FF2C7942ADA}.Ad-Hoc|x86.ActiveCfg = Debug|Any CPU
		{F6B0656E-A988-4B0F-9BD8-0FF2C7942ADA}.Ad-Hoc|x86.Build.0 = Debug|Any CPU
		{F6B0656E-A988-4B0F-9BD8-0FF2C7942ADA}.Ad-Hoc|x86.Deploy.0 = Debug|Any CPU
		{F6B0656E-A988-4B0F-9BD8-0FF2C7942ADA}.AppStore|Any CPU.ActiveCfg = Debug|Any CPU
		{F6B0656E-A988-4B0F-9BD8-0FF2C7942ADA}.AppStore|Any CPU.Build.0 = Debug|Any CPU
		{F6B0656E-A988-4B0F-9BD8-0FF2C7942ADA}.AppStore|Any CPU.Deploy.0 = Debug|Any CPU
		{F6B0656E-A988-4B0F-9BD8-0FF2C7942ADA}.AppStore|ARM.ActiveCfg = Debug|Any CPU
		{F6B0656E-A988-4B0F-9BD8-0FF2C7942ADA}.AppStore|ARM.Build.0 = Debug|Any CPU
		{F6B0656E-A988-4B0F-9BD8-0FF2C7942ADA}.AppStore|ARM.Deploy.0 = Debug|Any CPU
		{F6B0656E-A988-4B0F-9BD8-0FF2C7942ADA}.AppStore|iPhone.ActiveCfg = Debug|Any CPU
		{F6B0656E-A988-4B0F-9BD8-0FF2C7942ADA}.AppStore|iPhone.Build.0 = Debug|Any CPU
		{F6B0656E-A988-4B0F-9BD8-0FF2C7942ADA}.AppStore|iPhone.Deploy.0 = Debug|Any CPU
		{F6B0656E-A988-4B0F-9BD8-0FF2C7942ADA}.AppStore|iPhoneSimulator.ActiveCfg = Debug|Any CPU
		{F6B0656E-A988-4B0F-9BD8-0FF2C7942ADA}.AppStore|iPhoneSimulator.Build.0 = Debug|Any CPU
		{F6B0656E-A988-4B0F-9BD8-0FF2C7942ADA}.AppStore|iPhoneSimulator.Deploy.0 = Debug|Any CPU
		{F6B0656E-A988-4B0F-9BD8-0FF2C7942ADA}.AppStore|x64.ActiveCfg = Debug|Any CPU
		{F6B0656E-A988-4B0F-9BD8-0FF2C7942ADA}.AppStore|x64.Build.0 = Debug|Any CPU
		{F6B0656E-A988-4B0F-9BD8-0FF2C7942ADA}.AppStore|x64.Deploy.0 = Debug|Any CPU
		{F6B0656E-A988-4B0F-9BD8-0FF2C7942ADA}.AppStore|x86.ActiveCfg = Debug|Any CPU
		{F6B0656E-A988-4B0F-9BD8-0FF2C7942ADA}.AppStore|x86.Build.0 = Debug|Any CPU
		{F6B0656E-A988-4B0F-9BD8-0FF2C7942ADA}.AppStore|x86.Deploy.0 = Debug|Any CPU
		{F6B0656E-A988-4B0F-9BD8-0FF2C7942ADA}.Debug|Any CPU.ActiveCfg = Debug|Any CPU
		{F6B0656E-A988-4B0F-9BD8-0FF2C7942ADA}.Debug|Any CPU.Build.0 = Debug|Any CPU
		{F6B0656E-A988-4B0F-9BD8-0FF2C7942ADA}.Debug|Any CPU.Deploy.0 = Debug|Any CPU
		{F6B0656E-A988-4B0F-9BD8-0FF2C7942ADA}.Debug|ARM.ActiveCfg = Debug|Any CPU
		{F6B0656E-A988-4B0F-9BD8-0FF2C7942ADA}.Debug|ARM.Build.0 = Debug|Any CPU
		{F6B0656E-A988-4B0F-9BD8-0FF2C7942ADA}.Debug|ARM.Deploy.0 = Debug|Any CPU
		{F6B0656E-A988-4B0F-9BD8-0FF2C7942ADA}.Debug|iPhone.ActiveCfg = Debug|Any CPU
		{F6B0656E-A988-4B0F-9BD8-0FF2C7942ADA}.Debug|iPhone.Build.0 = Debug|Any CPU
		{F6B0656E-A988-4B0F-9BD8-0FF2C7942ADA}.Debug|iPhone.Deploy.0 = Debug|Any CPU
		{F6B0656E-A988-4B0F-9BD8-0FF2C7942ADA}.Debug|iPhoneSimulator.ActiveCfg = Debug|Any CPU
		{F6B0656E-A988-4B0F-9BD8-0FF2C7942ADA}.Debug|iPhoneSimulator.Build.0 = Debug|Any CPU
		{F6B0656E-A988-4B0F-9BD8-0FF2C7942ADA}.Debug|iPhoneSimulator.Deploy.0 = Debug|Any CPU
		{F6B0656E-A988-4B0F-9BD8-0FF2C7942ADA}.Debug|x64.ActiveCfg = Debug|Any CPU
		{F6B0656E-A988-4B0F-9BD8-0FF2C7942ADA}.Debug|x64.Build.0 = Debug|Any CPU
		{F6B0656E-A988-4B0F-9BD8-0FF2C7942ADA}.Debug|x64.Deploy.0 = Debug|Any CPU
		{F6B0656E-A988-4B0F-9BD8-0FF2C7942ADA}.Debug|x86.ActiveCfg = Debug|Any CPU
		{F6B0656E-A988-4B0F-9BD8-0FF2C7942ADA}.Debug|x86.Build.0 = Debug|Any CPU
		{F6B0656E-A988-4B0F-9BD8-0FF2C7942ADA}.Debug|x86.Deploy.0 = Debug|Any CPU
		{F6B0656E-A988-4B0F-9BD8-0FF2C7942ADA}.Release|Any CPU.ActiveCfg = Release|Any CPU
		{F6B0656E-A988-4B0F-9BD8-0FF2C7942ADA}.Release|Any CPU.Build.0 = Release|Any CPU
		{F6B0656E-A988-4B0F-9BD8-0FF2C7942ADA}.Release|Any CPU.Deploy.0 = Release|Any CPU
		{F6B0656E-A988-4B0F-9BD8-0FF2C7942ADA}.Release|ARM.ActiveCfg = Release|Any CPU
		{F6B0656E-A988-4B0F-9BD8-0FF2C7942ADA}.Release|ARM.Build.0 = Release|Any CPU
		{F6B0656E-A988-4B0F-9BD8-0FF2C7942ADA}.Release|ARM.Deploy.0 = Release|Any CPU
		{F6B0656E-A988-4B0F-9BD8-0FF2C7942ADA}.Release|iPhone.ActiveCfg = Release|Any CPU
		{F6B0656E-A988-4B0F-9BD8-0FF2C7942ADA}.Release|iPhone.Build.0 = Release|Any CPU
		{F6B0656E-A988-4B0F-9BD8-0FF2C7942ADA}.Release|iPhone.Deploy.0 = Release|Any CPU
		{F6B0656E-A988-4B0F-9BD8-0FF2C7942ADA}.Release|iPhoneSimulator.ActiveCfg = Release|Any CPU
		{F6B0656E-A988-4B0F-9BD8-0FF2C7942ADA}.Release|iPhoneSimulator.Build.0 = Release|Any CPU
		{F6B0656E-A988-4B0F-9BD8-0FF2C7942ADA}.Release|iPhoneSimulator.Deploy.0 = Release|Any CPU
		{F6B0656E-A988-4B0F-9BD8-0FF2C7942ADA}.Release|x64.ActiveCfg = Release|Any CPU
		{F6B0656E-A988-4B0F-9BD8-0FF2C7942ADA}.Release|x64.Build.0 = Release|Any CPU
		{F6B0656E-A988-4B0F-9BD8-0FF2C7942ADA}.Release|x64.Deploy.0 = Release|Any CPU
		{F6B0656E-A988-4B0F-9BD8-0FF2C7942ADA}.Release|x86.ActiveCfg = Release|Any CPU
		{F6B0656E-A988-4B0F-9BD8-0FF2C7942ADA}.Release|x86.Build.0 = Release|Any CPU
		{F6B0656E-A988-4B0F-9BD8-0FF2C7942ADA}.Release|x86.Deploy.0 = Release|Any CPU
	EndGlobalSection
	GlobalSection(SolutionProperties) = preSolution
		HideSolutionNode = FALSE
	EndGlobalSection
	GlobalSection(ExtensibilityGlobals) = postSolution
		SolutionGuid = {07337CDC-3D0E-47EF-B831-1224285C22D1}
	EndGlobalSection
EndGlobal
